
Microsoft Visual Studio Solution File, Format Version 12.00
# Visual Studio Version 17
VisualStudioVersion = 17.14.36414.22
MinimumVisualStudioVersion = 10.0.40219.1
Project("{2150E333-8FDC-42A3-9474-1A3956D46DE8}") = "Task0", "Task0", "{02EA681E-C7D8-13C7-8484-4AC65E1B71E8}"
EndProject
Project("{FAE04EC0-301F-11D3-BF4B-00C04F79EFBC}") = "Tyuiu.AfoninME.Sprint0.Task0.V0", "Tyuiu.AfoninME.Sprint0.Task0.V0\Tyuiu.AfoninME.Sprint0.Task0.V0.csproj", "{48493C05-9430-4A0D-88C8-A8949F296221}"
EndProject
Project("{2150E333-8FDC-42A3-9474-1A3956D46DE8}") = "Task1", "Task1", "{A207825A-10DC-49FA-B10C-D777E9FA997E}"
EndProject
Project("{FAE04EC0-301F-11D3-BF4B-00C04F79EFBC}") = "Tyuiu.AfoninME.Sprint0.Task1.V0", "Tyuiu.AfoninME.Sprint0.Task1.V0\Tyuiu.AfoninME.Sprint0.Task1.V0.csproj", "{9A103082-0C88-4A93-BAB5-9454B87793F9}"
EndProject
Project("{2150E333-8FDC-42A3-9474-1A3956D46DE8}") = "Task2", "Task2", "{7338CA82-283D-44B3-9BC1-287DE1FDF199}"
EndProject
Project("{FAE04EC0-301F-11D3-BF4B-00C04F79EFBC}") = "Tyuiu.AfoninME.Sprint0.Task2.V0", "Tyuiu.AfoninME.Sprint0.Task2.V0\Tyuiu.AfoninME.Sprint0.Task2.V0.csproj", "{C9A3528F-6485-4DE2-9FF2-A077E6A0D937}"
EndProject
Project("{FAE04EC0-301F-11D3-BF4B-00C04F79EFBC}") = "Tyuiu.AfoninME.Sprint0.Task2.V0.Lib", "Tyuiu.AfoninME.Sprint0.Task2.V0.Lib\Tyuiu.AfoninME.Sprint0.Task2.V0.Lib.csproj", "{06670DE5-CF33-47E7-94C4-58D8F6B04AEE}"
EndProject
Project("{FAE04EC0-301F-11D3-BF4B-00C04F79EFBC}") = "Tyuiu.AfoninME.Sprint0.Task2.V0.Test", "Tyuiu.AfoninME.Sprint0.Task2.V0.Test\Tyuiu.AfoninME.Sprint0.Task2.V0.Test.csproj", "{36339A38-50CC-4D02-B46E-CF1AFD9991C5}"
EndProject
Project("{2150E333-8FDC-42A3-9474-1A3956D46DE8}") = "Task3", "Task3", "{653F89D7-8F70-42F9-A9F4-ADACA4CB1A35}"
EndProject
Project("{FAE04EC0-301F-11D3-BF4B-00C04F79EFBC}") = "Tyuiu.AfoninME.Sprint0.Task3.V0", "Tyuiu.AfoninME.Sprint0.Task3.V0\Tyuiu.AfoninME.Sprint0.Task3.V0.csproj", "{EDD2AA16-5823-4F8B-BB0C-68D86EA2C04C}"
EndProject
Project("{FAE04EC0-301F-11D3-BF4B-00C04F79EFBC}") = "Tyuiu.AfoninME.Sprint0.Task3.V0.Lib", "Tyuiu.AfoninME.Sprint0.Task3.Lib\Tyuiu.AfoninME.Sprint0.Task3.V0.Lib.csproj", "{30AE863C-8F8C-4B0E-85B6-A921D7B2E76E}"
EndProject
Project("{FAE04EC0-301F-11D3-BF4B-00C04F79EFBC}") = "Tyuiu.AfoninME.Sprint0.Task3.V0.Test", "Tyuiu.AfoninME.Sprint0.Task3.V0.Test\Tyuiu.AfoninME.Sprint0.Task3.V0.Test.csproj", "{F3B0F35F-D990-4EB8-8DB5-CB5911783431}"
EndProject
Project("{2150E333-8FDC-42A3-9474-1A3956D46DE8}") = "Task4", "Task4", "{FAA03D50-FEC8-4D7F-A868-5A7D9EB6BF12}"
EndProject
Project("{FAE04EC0-301F-11D3-BF4B-00C04F79EFBC}") = "Tyuiu.AfoninME.Sprint0.Task4.V0", "Tyuiu.AfoninME.Sprint0.Task4.V0\Tyuiu.AfoninME.Sprint0.Task4.V0.csproj", "{5780428F-D7DC-4F4C-AA5C-2F4F72600E36}"
EndProject
Project("{FAE04EC0-301F-11D3-BF4B-00C04F79EFBC}") = "Tyuiu.AfoninME.Sprint0.Task4.V0.Lib", "Tyuiu.AfoninME.Sprint0.Task4.V0.Lib\Tyuiu.AfoninME.Sprint0.Task4.V0.Lib.csproj", "{515D61B1-E9A9-4AA9-B82F-9E7B0939F60E}"
EndProject
Project("{FAE04EC0-301F-11D3-BF4B-00C04F79EFBC}") = "Tyuiu.AfoninME.Sprint0.Task4.V0.test", "UnitTestProject1\Tyuiu.AfoninME.Sprint0.Task4.V0.test.csproj", "{C3AEC230-2480-413F-8B56-AD95B815765F}"
EndProject
Project("{2150E333-8FDC-42A3-9474-1A3956D46DE8}") = "Task5", "Task5", "{68834E78-176D-4188-93BE-ECEDBE35A1F1}"
EndProject
Project("{FAE04EC0-301F-11D3-BF4B-00C04F79EFBC}") = "Tyuiu.AfoninME.Sprint0.Task5.V0", "Tyuiu.AfoninME.Sprint0.Task5.V0\Tyuiu.AfoninME.Sprint0.Task5.V0.csproj", "{86E1B2DA-D711-4ACF-8641-B872112C6F64}"
EndProject
Project("{FAE04EC0-301F-11D3-BF4B-00C04F79EFBC}") = "Tyuiu.AfoninME.Sprint0.Task5.V0.Lib", "Tyuiu.AfoninME.Sprint0.Task5.V0.Lib\Tyuiu.AfoninME.Sprint0.Task5.V0.Lib.csproj", "{314296AD-F2F6-4D41-A9FF-8234AE2CA209}"
EndProject
Project("{FAE04EC0-301F-11D3-BF4B-00C04F79EFBC}") = "Tyuiu.AfoninME.Sprint0.Task5.V0.Test", "Tyuiu.AfoninME.Sprint0.Task5.V0.Test\Tyuiu.AfoninME.Sprint0.Task5.V0.Test.csproj", "{91C58D78-1E63-485B-9F51-826E86834A37}"
EndProject
Project("{2150E333-8FDC-42A3-9474-1A3956D46DE8}") = "Task6", "Task6", "{78AFCB4A-656C-4B95-8066-DE800518B945}"
EndProject
Project("{FAE04EC0-301F-11D3-BF4B-00C04F79EFBC}") = "Tyuiu.AfoninME.Sprint0.Task6.V0", "Tyuiu.AfoninME.Sprint0.Task6.V0\Tyuiu.AfoninME.Sprint0.Task6.V0.csproj", "{C0C39428-ECA0-4226-BFD3-78F7375C2BD6}"
EndProject
Project("{FAE04EC0-301F-11D3-BF4B-00C04F79EFBC}") = "Tyuiu.AfoninME.Sprint0.Task6.V0.Lib", "Tyuiu.AfoninME.Sprint0.Task6.V0.Lib\Tyuiu.AfoninME.Sprint0.Task6.V0.Lib.csproj", "{A4A0EB7D-32AF-443E-85A4-944AD06A169D}"
EndProject
Project("{FAE04EC0-301F-11D3-BF4B-00C04F79EFBC}") = "Tyuiu.AfoninME.Sprint0.Task6.V0.Test", "Tyuiu.AfoninME.Sprint0.Task6.V0.Test\Tyuiu.AfoninME.Sprint0.Task6.V0.Test.csproj", "{FCBCC316-2784-4651-BF07-4F11E20AEB4A}"
EndProject
Project("{2150E333-8FDC-42A3-9474-1A3956D46DE8}") = "Task7", "Task7", "{EED64EA3-AD7E-4957-97AD-49DE88F815D0}"
EndProject
Project("{FAE04EC0-301F-11D3-BF4B-00C04F79EFBC}") = "Tyuiu.AfoninME.Sprint0.Task7.V0", "Tyuiu.AfoninME.Sprint0.Task7.V0\Tyuiu.AfoninME.Sprint0.Task7.V0.csproj", "{53F4B30E-B46A-4BA2-9241-33F4E3FB96CC}"
EndProject
Project("{FAE04EC0-301F-11D3-BF4B-00C04F79EFBC}") = "Tyuiu.AfoninME.Sprint0.Task7.V0.Lib", "Tyuiu.AfoninME.Sprint0.Task7.V0.Lib\Tyuiu.AfoninME.Sprint0.Task7.V0.Lib.csproj", "{A5E483FC-2C3B-4689-A543-EB7113DA75DA}"
EndProject
Project("{FAE04EC0-301F-11D3-BF4B-00C04F79EFBC}") = "Tyuiu.AfoninME.Sprint0.Task7.V0.Test", "Tyuiu.AfoninME.Sprint0.Task7.V0.Test\Tyuiu.AfoninME.Sprint0.Task7.V0.Test.csproj", "{5D5C5ADF-41EA-4FA0-94D3-549B96731824}"
EndProject
Global
	GlobalSection(SolutionConfigurationPlatforms) = preSolution
		Debug|Any CPU = Debug|Any CPU
		Release|Any CPU = Release|Any CPU
	EndGlobalSection
	GlobalSection(ProjectConfigurationPlatforms) = postSolution
		{48493C05-9430-4A0D-88C8-A8949F296221}.Debug|Any CPU.ActiveCfg = Debug|Any CPU
		{48493C05-9430-4A0D-88C8-A8949F296221}.Debug|Any CPU.Build.0 = Debug|Any CPU
		{48493C05-9430-4A0D-88C8-A8949F296221}.Release|Any CPU.ActiveCfg = Release|Any CPU
		{48493C05-9430-4A0D-88C8-A8949F296221}.Release|Any CPU.Build.0 = Release|Any CPU
		{9A103082-0C88-4A93-BAB5-9454B87793F9}.Debug|Any CPU.ActiveCfg = Debug|Any CPU
		{9A103082-0C88-4A93-BAB5-9454B87793F9}.Debug|Any CPU.Build.0 = Debug|Any CPU
		{9A103082-0C88-4A93-BAB5-9454B87793F9}.Release|Any CPU.ActiveCfg = Release|Any CPU
		{9A103082-0C88-4A93-BAB5-9454B87793F9}.Release|Any CPU.Build.0 = Release|Any CPU
		{C9A3528F-6485-4DE2-9FF2-A077E6A0D937}.Debug|Any CPU.ActiveCfg = Debug|Any CPU
		{C9A3528F-6485-4DE2-9FF2-A077E6A0D937}.Debug|Any CPU.Build.0 = Debug|Any CPU
		{C9A3528F-6485-4DE2-9FF2-A077E6A0D937}.Release|Any CPU.ActiveCfg = Release|Any CPU
		{C9A3528F-6485-4DE2-9FF2-A077E6A0D937}.Release|Any CPU.Build.0 = Release|Any CPU
		{06670DE5-CF33-47E7-94C4-58D8F6B04AEE}.Debug|Any CPU.ActiveCfg = Debug|Any CPU
		{06670DE5-CF33-47E7-94C4-58D8F6B04AEE}.Debug|Any CPU.Build.0 = Debug|Any CPU
		{06670DE5-CF33-47E7-94C4-58D8F6B04AEE}.Release|Any CPU.ActiveCfg = Release|Any CPU
		{06670DE5-CF33-47E7-94C4-58D8F6B04AEE}.Release|Any CPU.Build.0 = Release|Any CPU
		{36339A38-50CC-4D02-B46E-CF1AFD9991C5}.Debug|Any CPU.ActiveCfg = Debug|Any CPU
		{36339A38-50CC-4D02-B46E-CF1AFD9991C5}.Debug|Any CPU.Build.0 = Debug|Any CPU
		{36339A38-50CC-4D02-B46E-CF1AFD9991C5}.Release|Any CPU.ActiveCfg = Release|Any CPU
		{36339A38-50CC-4D02-B46E-CF1AFD9991C5}.Release|Any CPU.Build.0 = Release|Any CPU
		{EDD2AA16-5823-4F8B-BB0C-68D86EA2C04C}.Debug|Any CPU.ActiveCfg = Debug|Any CPU
		{EDD2AA16-5823-4F8B-BB0C-68D86EA2C04C}.Debug|Any CPU.Build.0 = Debug|Any CPU
		{EDD2AA16-5823-4F8B-BB0C-68D86EA2C04C}.Release|Any CPU.ActiveCfg = Release|Any CPU
		{EDD2AA16-5823-4F8B-BB0C-68D86EA2C04C}.Release|Any CPU.Build.0 = Release|Any CPU
		{30AE863C-8F8C-4B0E-85B6-A921D7B2E76E}.Debug|Any CPU.ActiveCfg = Debug|Any CPU
		{30AE863C-8F8C-4B0E-85B6-A921D7B2E76E}.Debug|Any CPU.Build.0 = Debug|Any CPU
		{30AE863C-8F8C-4B0E-85B6-A921D7B2E76E}.Release|Any CPU.ActiveCfg = Release|Any CPU
		{30AE863C-8F8C-4B0E-85B6-A921D7B2E76E}.Release|Any CPU.Build.0 = Release|Any CPU
		{F3B0F35F-D990-4EB8-8DB5-CB5911783431}.Debug|Any CPU.ActiveCfg = Debug|Any CPU
		{F3B0F35F-D990-4EB8-8DB5-CB5911783431}.Debug|Any CPU.Build.0 = Debug|Any CPU
		{F3B0F35F-D990-4EB8-8DB5-CB5911783431}.Release|Any CPU.ActiveCfg = Release|Any CPU
		{F3B0F35F-D990-4EB8-8DB5-CB5911783431}.Release|Any CPU.Build.0 = Release|Any CPU
		{5780428F-D7DC-4F4C-AA5C-2F4F72600E36}.Debug|Any CPU.ActiveCfg = Debug|Any CPU
		{5780428F-D7DC-4F4C-AA5C-2F4F72600E36}.Debug|Any CPU.Build.0 = Debug|Any CPU
		{5780428F-D7DC-4F4C-AA5C-2F4F72600E36}.Release|Any CPU.ActiveCfg = Release|Any CPU
		{5780428F-D7DC-4F4C-AA5C-2F4F72600E36}.Release|Any CPU.Build.0 = Release|Any CPU
		{515D61B1-E9A9-4AA9-B82F-9E7B0939F60E}.Debug|Any CPU.ActiveCfg = Debug|Any CPU
		{515D61B1-E9A9-4AA9-B82F-9E7B0939F60E}.Debug|Any CPU.Build.0 = Debug|Any CPU
		{515D61B1-E9A9-4AA9-B82F-9E7B0939F60E}.Release|Any CPU.ActiveCfg = Release|Any CPU
		{515D61B1-E9A9-4AA9-B82F-9E7B0939F60E}.Release|Any CPU.Build.0 = Release|Any CPU
		{C3AEC230-2480-413F-8B56-AD95B815765F}.Debug|Any CPU.ActiveCfg = Debug|Any CPU
		{C3AEC230-2480-413F-8B56-AD95B815765F}.Debug|Any CPU.Build.0 = Debug|Any CPU
		{C3AEC230-2480-413F-8B56-AD95B815765F}.Release|Any CPU.ActiveCfg = Release|Any CPU
		{C3AEC230-2480-413F-8B56-AD95B815765F}.Release|Any CPU.Build.0 = Release|Any CPU
		{86E1B2DA-D711-4ACF-8641-B872112C6F64}.Debug|Any CPU.ActiveCfg = Debug|Any CPU
		{86E1B2DA-D711-4ACF-8641-B872112C6F64}.Debug|Any CPU.Build.0 = Debug|Any CPU
		{86E1B2DA-D711-4ACF-8641-B872112C6F64}.Release|Any CPU.ActiveCfg = Release|Any CPU
		{86E1B2DA-D711-4ACF-8641-B872112C6F64}.Release|Any CPU.Build.0 = Release|Any CPU
		{314296AD-F2F6-4D41-A9FF-8234AE2CA209}.Debug|Any CPU.ActiveCfg = Debug|Any CPU
		{314296AD-F2F6-4D41-A9FF-8234AE2CA209}.Debug|Any CPU.Build.0 = Debug|Any CPU
		{314296AD-F2F6-4D41-A9FF-8234AE2CA209}.Release|Any CPU.ActiveCfg = Release|Any CPU
		{314296AD-F2F6-4D41-A9FF-8234AE2CA209}.Release|Any CPU.Build.0 = Release|Any CPU
		{91C58D78-1E63-485B-9F51-826E86834A37}.Debug|Any CPU.ActiveCfg = Debug|Any CPU
		{91C58D78-1E63-485B-9F51-826E86834A37}.Debug|Any CPU.Build.0 = Debug|Any CPU
		{91C58D78-1E63-485B-9F51-826E86834A37}.Release|Any CPU.ActiveCfg = Release|Any CPU
		{91C58D78-1E63-485B-9F51-826E86834A37}.Release|Any CPU.Build.0 = Release|Any CPU
		{C0C39428-ECA0-4226-BFD3-78F7375C2BD6}.Debug|Any CPU.ActiveCfg = Debug|Any CPU
		{C0C39428-ECA0-4226-BFD3-78F7375C2BD6}.Debug|Any CPU.Build.0 = Debug|Any CPU
		{C0C39428-ECA0-4226-BFD3-78F7375C2BD6}.Release|Any CPU.ActiveCfg = Release|Any CPU
		{C0C39428-ECA0-4226-BFD3-78F7375C2BD6}.Release|Any CPU.Build.0 = Release|Any CPU
		{A4A0EB7D-32AF-443E-85A4-944AD06A169D}.Debug|Any CPU.ActiveCfg = Debug|Any CPU
		{A4A0EB7D-32AF-443E-85A4-944AD06A169D}.Debug|Any CPU.Build.0 = Debug|Any CPU
		{A4A0EB7D-32AF-443E-85A4-944AD06A169D}.Release|Any CPU.ActiveCfg = Release|Any CPU
		{A4A0EB7D-32AF-443E-85A4-944AD06A169D}.Release|Any CPU.Build.0 = Release|Any CPU
		{FCBCC316-2784-4651-BF07-4F11E20AEB4A}.Debug|Any CPU.ActiveCfg = Debug|Any CPU
		{FCBCC316-2784-4651-BF07-4F11E20AEB4A}.Debug|Any CPU.Build.0 = Debug|Any CPU
		{FCBCC316-2784-4651-BF07-4F11E20AEB4A}.Release|Any CPU.ActiveCfg = Release|Any CPU
		{FCBCC316-2784-4651-BF07-4F11E20AEB4A}.Release|Any CPU.Build.0 = Release|Any CPU
		{53F4B30E-B46A-4BA2-9241-33F4E3FB96CC}.Debug|Any CPU.ActiveCfg = Debug|Any CPU
		{53F4B30E-B46A-4BA2-9241-33F4E3FB96CC}.Debug|Any CPU.Build.0 = Debug|Any CPU
		{53F4B30E-B46A-4BA2-9241-33F4E3FB96CC}.Release|Any CPU.ActiveCfg = Release|Any CPU
		{53F4B30E-B46A-4BA2-9241-33F4E3FB96CC}.Release|Any CPU.Build.0 = Release|Any CPU
		{A5E483FC-2C3B-4689-A543-EB7113DA75DA}.Debug|Any CPU.ActiveCfg = Debug|Any CPU
		{A5E483FC-2C3B-4689-A543-EB7113DA75DA}.Debug|Any CPU.Build.0 = Debug|Any CPU
		{A5E483FC-2C3B-4689-A543-EB7113DA75DA}.Release|Any CPU.ActiveCfg = Release|Any CPU
		{A5E483FC-2C3B-4689-A543-EB7113DA75DA}.Release|Any CPU.Build.0 = Release|Any CPU
		{5D5C5ADF-41EA-4FA0-94D3-549B96731824}.Debug|Any CPU.ActiveCfg = Debug|Any CPU
		{5D5C5ADF-41EA-4FA0-94D3-549B96731824}.Debug|Any CPU.Build.0 = Debug|Any CPU
		{5D5C5ADF-41EA-4FA0-94D3-549B96731824}.Release|Any CPU.ActiveCfg = Release|Any CPU
		{5D5C5ADF-41EA-4FA0-94D3-549B96731824}.Release|Any CPU.Build.0 = Release|Any CPU
	EndGlobalSection
	GlobalSection(SolutionProperties) = preSolution
		HideSolutionNode = FALSE
	EndGlobalSection
	GlobalSection(NestedProjects) = preSolution
		{48493C05-9430-4A0D-88C8-A8949F296221} = {02EA681E-C7D8-13C7-8484-4AC65E1B71E8}
		{9A103082-0C88-4A93-BAB5-9454B87793F9} = {A207825A-10DC-49FA-B10C-D777E9FA997E}
		{C9A3528F-6485-4DE2-9FF2-A077E6A0D937} = {7338CA82-283D-44B3-9BC1-287DE1FDF199}
		{06670DE5-CF33-47E7-94C4-58D8F6B04AEE} = {7338CA82-283D-44B3-9BC1-287DE1FDF199}
		{36339A38-50CC-4D02-B46E-CF1AFD9991C5} = {7338CA82-283D-44B3-9BC1-287DE1FDF199}
		{EDD2AA16-5823-4F8B-BB0C-68D86EA2C04C} = {653F89D7-8F70-42F9-A9F4-ADACA4CB1A35}
		{30AE863C-8F8C-4B0E-85B6-A921D7B2E76E} = {653F89D7-8F70-42F9-A9F4-ADACA4CB1A35}
		{F3B0F35F-D990-4EB8-8DB5-CB5911783431} = {653F89D7-8F70-42F9-A9F4-ADACA4CB1A35}
		{5780428F-D7DC-4F4C-AA5C-2F4F72600E36} = {FAA03D50-FEC8-4D7F-A868-5A7D9EB6BF12}
		{515D61B1-E9A9-4AA9-B82F-9E7B0939F60E} = {FAA03D50-FEC8-4D7F-A868-5A7D9EB6BF12}
		{C3AEC230-2480-413F-8B56-AD95B815765F} = {FAA03D50-FEC8-4D7F-A868-5A7D9EB6BF12}
		{86E1B2DA-D711-4ACF-8641-B872112C6F64} = {68834E78-176D-4188-93BE-ECEDBE35A1F1}
		{314296AD-F2F6-4D41-A9FF-8234AE2CA209} = {68834E78-176D-4188-93BE-ECEDBE35A1F1}
		{91C58D78-1E63-485B-9F51-826E86834A37} = {68834E78-176D-4188-93BE-ECEDBE35A1F1}
		{C0C39428-ECA0-4226-BFD3-78F7375C2BD6} = {78AFCB4A-656C-4B95-8066-DE800518B945}
		{A4A0EB7D-32AF-443E-85A4-944AD06A169D} = {78AFCB4A-656C-4B95-8066-DE800518B945}
		{FCBCC316-2784-4651-BF07-4F11E20AEB4A} = {78AFCB4A-656C-4B95-8066-DE800518B945}
		{53F4B30E-B46A-4BA2-9241-33F4E3FB96CC} = {EED64EA3-AD7E-4957-97AD-49DE88F815D0}
		{A5E483FC-2C3B-4689-A543-EB7113DA75DA} = {EED64EA3-AD7E-4957-97AD-49DE88F815D0}
		{5D5C5ADF-41EA-4FA0-94D3-549B96731824} = {EED64EA3-AD7E-4957-97AD-49DE88F815D0}
	EndGlobalSection
	GlobalSection(ExtensibilityGlobals) = postSolution
		SolutionGuid = {7A7CC526-BF83-4D82-8D68-E4B3A481EF13}
	EndGlobalSection
EndGlobal
